
Microsoft Visual Studio Solution File, Format Version 12.00
# Visual Studio Version 16
VisualStudioVersion = 16.0.28917.181
MinimumVisualStudioVersion = 10.0.40219.1
Project("{9A19103F-16F7-4668-BE54-9A1E7A4F7556}") = "Test.SocialAuth", "Test.SocialAuth.csproj", "{7D0B64C4-0067-4520-9768-5DB20A6B4573}"
EndProject
Global
	GlobalSection(SolutionConfigurationPlatforms) = preSolution
		Debug|Any CPU = Debug|Any CPU
		Release|Any CPU = Release|Any CPU
	EndGlobalSection
	GlobalSection(ProjectConfigurationPlatforms) = postSolution
		{7D0B64C4-0067-4520-9768-5DB20A6B4573}.Debug|Any CPU.ActiveCfg = Debug|Any CPU
		{7D0B64C4-0067-4520-9768-5DB20A6B4573}.Debug|Any CPU.Build.0 = Debug|Any CPU
		{7D0B64C4-0067-4520-9768-5DB20A6B4573}.Release|Any CPU.ActiveCfg = Release|Any CPU
		{7D0B64C4-0067-4520-9768-5DB20A6B4573}.Release|Any CPU.Build.0 = Release|Any CPU
	EndGlobalSection
	GlobalSection(SolutionProperties) = preSolution
		HideSolutionNode = FALSE
	EndGlobalSection
	GlobalSection(ExtensibilityGlobals) = postSolution
		SolutionGuid = {AE14CBE8-798E-4429-9619-D63FFE1D3348}
	EndGlobalSection
EndGlobal
